
Microsoft Visual Studio Solution File, Format Version 12.00
# Visual Studio Version 17
VisualStudioVersion = 17.3.32929.385
MinimumVisualStudioVersion = 10.0.40219.1
Project("{8BC9CEB8-8B4A-11D0-8D11-00A0C91BC942}") = "ht_9.1", "ht_9.1\ht_9.1.vcxproj", "{71462D43-9491-4F52-ABE4-708A58E66AFB}"
EndProject
Global
	GlobalSection(SolutionConfigurationPlatforms) = preSolution
		Debug|x64 = Debug|x64
		Debug|x86 = Debug|x86
		Release|x64 = Release|x64
		Release|x86 = Release|x86
	EndGlobalSection
	GlobalSection(ProjectConfigurationPlatforms) = postSolution
		{71462D43-9491-4F52-ABE4-708A58E66AFB}.Debug|x64.ActiveCfg = Debug|x64
		{71462D43-9491-4F52-ABE4-708A58E66AFB}.Debug|x64.Build.0 = Debug|x64
		{71462D43-9491-4F52-ABE4-708A58E66AFB}.Debug|x86.ActiveCfg = Debug|Win32
		{71462D43-9491-4F52-ABE4-708A58E66AFB}.Debug|x86.Build.0 = Debug|Win32
		{71462D43-9491-4F52-ABE4-708A58E66AFB}.Release|x64.ActiveCfg = Release|x64
		{71462D43-9491-4F52-ABE4-708A58E66AFB}.Release|x64.Build.0 = Release|x64
		{71462D43-9491-4F52-ABE4-708A58E66AFB}.Release|x86.ActiveCfg = Release|Win32
		{71462D43-9491-4F52-ABE4-708A58E66AFB}.Release|x86.Build.0 = Release|Win32
	EndGlobalSection
	GlobalSection(SolutionProperties) = preSolution
		HideSolutionNode = FALSE
	EndGlobalSection
	GlobalSection(ExtensibilityGlobals) = postSolution
		SolutionGuid = {9925EA63-27A4-426B-B475-A1E20BD06861}
	EndGlobalSection
EndGlobal
